
Microsoft Visual Studio Solution File, Format Version 12.00
# Visual Studio Version 16
VisualStudioVersion = 16.0.32002.261
MinimumVisualStudioVersion = 10.0.40219.1
Project("{FAE04EC0-301F-11D3-BF4B-00C04F79EFBC}") = "StoreMvc", "StoreMvc\StoreMvc.csproj", "{4374B317-0D01-4621-9DF3-C1340608F116}"
EndProject
Global
	GlobalSection(SolutionConfigurationPlatforms) = preSolution
		Debug|Any CPU = Debug|Any CPU
		Release|Any CPU = Release|Any CPU
	EndGlobalSection
	GlobalSection(ProjectConfigurationPlatforms) = postSolution
		{4374B317-0D01-4621-9DF3-C1340608F116}.Debug|Any CPU.ActiveCfg = Debug|Any CPU
		{4374B317-0D01-4621-9DF3-C1340608F116}.Debug|Any CPU.Build.0 = Debug|Any CPU
		{4374B317-0D01-4621-9DF3-C1340608F116}.Release|Any CPU.ActiveCfg = Release|Any CPU
		{4374B317-0D01-4621-9DF3-C1340608F116}.Release|Any CPU.Build.0 = Release|Any CPU
	EndGlobalSection
	GlobalSection(SolutionProperties) = preSolution
		HideSolutionNode = FALSE
	EndGlobalSection
	GlobalSection(ExtensibilityGlobals) = postSolution
		SolutionGuid = {A39C954F-B9F8-4420-BD3B-8799E4AF4C38}
	EndGlobalSection
EndGlobal
